
Microsoft Visual Studio Solution File, Format Version 12.00
# Visual Studio Version 16
VisualStudioVersion = 16.0.29728.190
MinimumVisualStudioVersion = 10.0.40219.1
Project("{9A19103F-16F7-4668-BE54-9A1E7A4F7556}") = "WFT.ForeSite.Framework", "WFT.ForeSite.Framework\WFT.ForeSite.Framework.csproj", "{083C5A3C-9305-4F5E-99FC-F8F72563C739}"
EndProject
Project("{9A19103F-16F7-4668-BE54-9A1E7A4F7556}") = "WFT.ForeSite.Utility.BusinessManager", "WFT.ForeSite.Utility.BusinessManager\WFT.ForeSite.Utility.BusinessManager.csproj", "{7F26433A-2BE6-420B-9E02-70D1A9D2F390}"
EndProject
Project("{9A19103F-16F7-4668-BE54-9A1E7A4F7556}") = "WFT.ForeSite.Utility.Comman", "WFT.ForeSite.Utility.Comman\WFT.ForeSite.Utility.Comman.csproj", "{395F04ED-FDBC-4292-BD3F-E24F1801706C}"
EndProject
Project("{9A19103F-16F7-4668-BE54-9A1E7A4F7556}") = "WFT.ForeSite.Utility.DataAccessManager", "WFT.ForeSite.Utility.DataAccessManager\WFT.ForeSite.Utility.DataAccessManager.csproj", "{3FB793CF-916E-4A68-8694-30E18C95A671}"
EndProject
Project("{9A19103F-16F7-4668-BE54-9A1E7A4F7556}") = "WFT.ForeSite.Microservice", "WFT.ForeSite.Microservice\WFT.ForeSite.Microservice.csproj", "{CF325488-E7F6-4905-B971-A9959FCBDD59}"
EndProject
Project("{FAE04EC0-301F-11D3-BF4B-00C04F79EFBC}") = "WFT.ForeSite.WPF.UI", "WFT.ForeSite.WPF.UI\WFT.ForeSite.WPF.UI.csproj", "{CFFD1385-BBB5-4881-A798-500CBF71DDAC}"
EndProject
Global
	GlobalSection(SolutionConfigurationPlatforms) = preSolution
		Debug|Any CPU = Debug|Any CPU
		Release|Any CPU = Release|Any CPU
	EndGlobalSection
	GlobalSection(ProjectConfigurationPlatforms) = postSolution
		{083C5A3C-9305-4F5E-99FC-F8F72563C739}.Debug|Any CPU.ActiveCfg = Debug|Any CPU
		{083C5A3C-9305-4F5E-99FC-F8F72563C739}.Debug|Any CPU.Build.0 = Debug|Any CPU
		{083C5A3C-9305-4F5E-99FC-F8F72563C739}.Release|Any CPU.ActiveCfg = Release|Any CPU
		{083C5A3C-9305-4F5E-99FC-F8F72563C739}.Release|Any CPU.Build.0 = Release|Any CPU
		{7F26433A-2BE6-420B-9E02-70D1A9D2F390}.Debug|Any CPU.ActiveCfg = Debug|Any CPU
		{7F26433A-2BE6-420B-9E02-70D1A9D2F390}.Debug|Any CPU.Build.0 = Debug|Any CPU
		{7F26433A-2BE6-420B-9E02-70D1A9D2F390}.Release|Any CPU.ActiveCfg = Release|Any CPU
		{7F26433A-2BE6-420B-9E02-70D1A9D2F390}.Release|Any CPU.Build.0 = Release|Any CPU
		{395F04ED-FDBC-4292-BD3F-E24F1801706C}.Debug|Any CPU.ActiveCfg = Debug|Any CPU
		{395F04ED-FDBC-4292-BD3F-E24F1801706C}.Debug|Any CPU.Build.0 = Debug|Any CPU
		{395F04ED-FDBC-4292-BD3F-E24F1801706C}.Release|Any CPU.ActiveCfg = Release|Any CPU
		{395F04ED-FDBC-4292-BD3F-E24F1801706C}.Release|Any CPU.Build.0 = Release|Any CPU
		{3FB793CF-916E-4A68-8694-30E18C95A671}.Debug|Any CPU.ActiveCfg = Debug|Any CPU
		{3FB793CF-916E-4A68-8694-30E18C95A671}.Debug|Any CPU.Build.0 = Debug|Any CPU
		{3FB793CF-916E-4A68-8694-30E18C95A671}.Release|Any CPU.ActiveCfg = Release|Any CPU
		{3FB793CF-916E-4A68-8694-30E18C95A671}.Release|Any CPU.Build.0 = Release|Any CPU
		{CF325488-E7F6-4905-B971-A9959FCBDD59}.Debug|Any CPU.ActiveCfg = Debug|Any CPU
		{CF325488-E7F6-4905-B971-A9959FCBDD59}.Debug|Any CPU.Build.0 = Debug|Any CPU
		{CF325488-E7F6-4905-B971-A9959FCBDD59}.Release|Any CPU.ActiveCfg = Release|Any CPU
		{CF325488-E7F6-4905-B971-A9959FCBDD59}.Release|Any CPU.Build.0 = Release|Any CPU
		{CFFD1385-BBB5-4881-A798-500CBF71DDAC}.Debug|Any CPU.ActiveCfg = Debug|Any CPU
		{CFFD1385-BBB5-4881-A798-500CBF71DDAC}.Debug|Any CPU.Build.0 = Debug|Any CPU
		{CFFD1385-BBB5-4881-A798-500CBF71DDAC}.Release|Any CPU.ActiveCfg = Release|Any CPU
		{CFFD1385-BBB5-4881-A798-500CBF71DDAC}.Release|Any CPU.Build.0 = Release|Any CPU
	EndGlobalSection
	GlobalSection(SolutionProperties) = preSolution
		HideSolutionNode = FALSE
	EndGlobalSection
	GlobalSection(ExtensibilityGlobals) = postSolution
		SolutionGuid = {C68EFE9D-62CD-4580-ACDD-68C8ED3C23A8}
	EndGlobalSection
EndGlobal
